// !$*UTF8*$!
{
	archiveVersion = 1;
	classes = {
	};
	objectVersion = 56;
	objects = {

/* Begin PBXBuildFile section */
		D031E31C2AAA0C10004B594C /* All.swift in Sources */ = {isa = PBXBuildFile; fileRef = D031E31B2AAA0C10004B594C /* All.swift */; };
		D09282672AB613F4009EC0DC /* Constants and Variables.swift in Sources */ = {isa = PBXBuildFile; fileRef = D09282662AB613F4009EC0DC /* Constants and Variables.swift */; };
		D09282692AB614C8009EC0DC /* Branching.swift in Sources */ = {isa = PBXBuildFile; fileRef = D09282682AB614C8009EC0DC /* Branching.swift */; };
		D092826B2AB6176C009EC0DC /* Array and Guard.swift in Sources */ = {isa = PBXBuildFile; fileRef = D092826A2AB6176C009EC0DC /* Array and Guard.swift */; };
		D092826D2AB617ED009EC0DC /* Сycles, structs, functions.swift in Sources */ = {isa = PBXBuildFile; fileRef = D092826C2AB617ED009EC0DC /* Сycles, structs, functions.swift */; };
		D092826F2AB6194E009EC0DC /* Closure and tuples.swift in Sources */ = {isa = PBXBuildFile; fileRef = D092826E2AB6194E009EC0DC /* Closure and tuples.swift */; };
		D09282712AB61A01009EC0DC /* Class, Inheritance, Computed Properties.swift in Sources */ = {isa = PBXBuildFile; fileRef = D09282702AB61A01009EC0DC /* Class, Inheritance, Computed Properties.swift */; };
		D09282732AB61A7F009EC0DC /* Lazy.swift in Sources */ = {isa = PBXBuildFile; fileRef = D09282722AB61A7F009EC0DC /* Lazy.swift */; };
/* End PBXBuildFile section */

/* Begin PBXCopyFilesBuildPhase section */
		D031E3162AAA0C10004B594C /* CopyFiles */ = {
			isa = PBXCopyFilesBuildPhase;
			buildActionMask = 2147483647;
			dstPath = /usr/share/man/man1/;
			dstSubfolderSpec = 0;
			files = (
			);
			runOnlyForDeploymentPostprocessing = 1;
		};
/* End PBXCopyFilesBuildPhase section */

/* Begin PBXFileReference section */
		D031E3182AAA0C10004B594C /* Ease level */ = {isa = PBXFileReference; explicitFileType = "compiled.mach-o.executable"; includeInIndex = 0; path = "Ease level"; sourceTree = BUILT_PRODUCTS_DIR; };
		D031E31B2AAA0C10004B594C /* All.swift */ = {isa = PBXFileReference; lastKnownFileType = sourcecode.swift; path = All.swift; sourceTree = "<group>"; };
		D09282662AB613F4009EC0DC /* Constants and Variables.swift */ = {isa = PBXFileReference; lastKnownFileType = sourcecode.swift; path = "Constants and Variables.swift"; sourceTree = "<group>"; };
		D09282682AB614C8009EC0DC /* Branching.swift */ = {isa = PBXFileReference; lastKnownFileType = sourcecode.swift; path = Branching.swift; sourceTree = "<group>"; };
		D092826A2AB6176C009EC0DC /* Array and Guard.swift */ = {isa = PBXFileReference; lastKnownFileType = sourcecode.swift; path = "Array and Guard.swift"; sourceTree = "<group>"; };
		D092826C2AB617ED009EC0DC /* Сycles, structs, functions.swift */ = {isa = PBXFileReference; lastKnownFileType = sourcecode.swift; path = "Сycles, structs, functions.swift"; sourceTree = "<group>"; };
		D092826E2AB6194E009EC0DC /* Closure and tuples.swift */ = {isa = PBXFileReference; lastKnownFileType = sourcecode.swift; path = "Closure and tuples.swift"; sourceTree = "<group>"; };
		D09282702AB61A01009EC0DC /* Class, Inheritance, Computed Properties.swift */ = {isa = PBXFileReference; lastKnownFileType = sourcecode.swift; path = "Class, Inheritance, Computed Properties.swift"; sourceTree = "<group>"; };
		D09282722AB61A7F009EC0DC /* Lazy.swift */ = {isa = PBXFileReference; lastKnownFileType = sourcecode.swift; path = Lazy.swift; sourceTree = "<group>"; };
/* End PBXFileReference section */

/* Begin PBXFrameworksBuildPhase section */
		D031E3152AAA0C10004B594C /* Frameworks */ = {
			isa = PBXFrameworksBuildPhase;
			buildActionMask = 2147483647;
			files = (
			);
			runOnlyForDeploymentPostprocessing = 0;
		};
/* End PBXFrameworksBuildPhase section */

/* Begin PBXGroup section */
		D031E30F2AAA0C10004B594C = {
			isa = PBXGroup;
			children = (
				D031E31A2AAA0C10004B594C /* MySwiftKnowledge */,
				D031E3192AAA0C10004B594C /* Products */,
			);
			sourceTree = "<group>";
		};
		D031E3192AAA0C10004B594C /* Products */ = {
			isa = PBXGroup;
			children = (
				D031E3182AAA0C10004B594C /* Ease level */,
			);
			name = Products;
			sourceTree = "<group>";
		};
		D031E31A2AAA0C10004B594C /* MySwiftKnowledge */ = {
			isa = PBXGroup;
			children = (
				D031E31B2AAA0C10004B594C /* All.swift */,
				D092826E2AB6194E009EC0DC /* Closure and tuples.swift */,
				D092826C2AB617ED009EC0DC /* Сycles, structs, functions.swift */,
				D09282682AB614C8009EC0DC /* Branching.swift */,
				D09282662AB613F4009EC0DC /* Constants and Variables.swift */,
				D092826A2AB6176C009EC0DC /* Array and Guard.swift */,
				D09282702AB61A01009EC0DC /* Class, Inheritance, Computed Properties.swift */,
				D09282722AB61A7F009EC0DC /* Lazy.swift */,
			);
			path = MySwiftKnowledge;
			sourceTree = "<group>";
		};
/* End PBXGroup section */

/* Begin PBXNativeTarget section */
		D031E3172AAA0C10004B594C /* Ease level */ = {
			isa = PBXNativeTarget;
			buildConfigurationList = D031E31F2AAA0C10004B594C /* Build configuration list for PBXNativeTarget "Ease level" */;
			buildPhases = (
				D031E3142AAA0C10004B594C /* Sources */,
				D031E3152AAA0C10004B594C /* Frameworks */,
				D031E3162AAA0C10004B594C /* CopyFiles */,
			);
			buildRules = (
			);
			dependencies = (
			);
			name = "Ease level";
			productName = "Ease level";
			productReference = D031E3182AAA0C10004B594C /* Ease level */;
			productType = "com.apple.product-type.tool";
		};
/* End PBXNativeTarget section */

/* Begin PBXProject section */
		D031E3102AAA0C10004B594C /* Project object */ = {
			isa = PBXProject;
			attributes = {
				BuildIndependentTargetsInParallel = 1;
				LastSwiftUpdateCheck = 1430;
				LastUpgradeCheck = 1430;
				TargetAttributes = {
					D031E3172AAA0C10004B594C = {
						CreatedOnToolsVersion = 14.3;
					};
				};
			};
			buildConfigurationList = D031E3132AAA0C10004B594C /* Build configuration list for PBXProject "MySwiftKnowledge" */;
			compatibilityVersion = "Xcode 14.0";
			developmentRegion = en;
			hasScannedForEncodings = 0;
			knownRegions = (
				en,
				Base,
			);
			mainGroup = D031E30F2AAA0C10004B594C;
			productRefGroup = D031E3192AAA0C10004B594C /* Products */;
			projectDirPath = "";
			projectRoot = "";
			targets = (
				D031E3172AAA0C10004B594C /* Ease level */,
			);
		};
/* End PBXProject section */

/* Begin PBXSourcesBuildPhase section */
		D031E3142AAA0C10004B594C /* Sources */ = {
			isa = PBXSourcesBuildPhase;
			buildActionMask = 2147483647;
			files = (
				D031E31C2AAA0C10004B594C /* All.swift in Sources */,
				D092826D2AB617ED009EC0DC /* Сycles, structs, functions.swift in Sources */,
				D092826B2AB6176C009EC0DC /* Array and Guard.swift in Sources */,
				D09282692AB614C8009EC0DC /* Branching.swift in Sources */,
				D092826F2AB6194E009EC0DC /* Closure and tuples.swift in Sources */,
				D09282732AB61A7F009EC0DC /* Lazy.swift in Sources */,
				D09282712AB61A01009EC0DC /* Class, Inheritance, Computed Properties.swift in Sources */,
				D09282672AB613F4009EC0DC /* Constants and Variables.swift in Sources */,
			);
			runOnlyForDeploymentPostprocessing = 0;
		};
/* End PBXSourcesBuildPhase section */

/* Begin XCBuildConfiguration section */
		D031E31D2AAA0C10004B594C /* Debug */ = {
			isa = XCBuildConfiguration;
			buildSettings = {
				ALWAYS_SEARCH_USER_PATHS = NO;
				CLANG_ANALYZER_NONNULL = YES;
				CLANG_ANALYZER_NUMBER_OBJECT_CONVERSION = YES_AGGRESSIVE;
				CLANG_CXX_LANGUAGE_STANDARD = "gnu++20";
				CLANG_ENABLE_MODULES = YES;
				CLANG_ENABLE_OBJC_ARC = YES;
				CLANG_ENABLE_OBJC_WEAK = YES;
				CLANG_WARN_BLOCK_CAPTURE_AUTORELEASING = YES;
				CLANG_WARN_BOOL_CONVERSION = YES;
				CLANG_WARN_COMMA = YES;
				CLANG_WARN_CONSTANT_CONVERSION = YES;
				CLANG_WARN_DEPRECATED_OBJC_IMPLEMENTATIONS = YES;
				CLANG_WARN_DIRECT_OBJC_ISA_USAGE = YES_ERROR;
				CLANG_WARN_DOCUMENTATION_COMMENTS = YES;
				CLANG_WARN_EMPTY_BODY = YES;
				CLANG_WARN_ENUM_CONVERSION = YES;
				CLANG_WARN_INFINITE_RECURSION = YES;
				CLANG_WARN_INT_CONVERSION = YES;
				CLANG_WARN_NON_LITERAL_NULL_CONVERSION = YES;
				CLANG_WARN_OBJC_IMPLICIT_RETAIN_SELF = YES;
				CLANG_WARN_OBJC_LITERAL_CONVERSION = YES;
				CLANG_WARN_OBJC_ROOT_CLASS = YES_ERROR;
				CLANG_WARN_QUOTED_INCLUDE_IN_FRAMEWORK_HEADER = YES;
				CLANG_WARN_RANGE_LOOP_ANALYSIS = YES;
				CLANG_WARN_STRICT_PROTOTYPES = YES;
				CLANG_WARN_SUSPICIOUS_MOVE = YES;
				CLANG_WARN_UNGUARDED_AVAILABILITY = YES_AGGRESSIVE;
				CLANG_WARN_UNREACHABLE_CODE = YES;
				CLANG_WARN__DUPLICATE_METHOD_MATCH = YES;
				COPY_PHASE_STRIP = NO;
				DEBUG_INFORMATION_FORMAT = dwarf;
				ENABLE_STRICT_OBJC_MSGSEND = YES;
				ENABLE_TESTABILITY = YES;
				GCC_C_LANGUAGE_STANDARD = gnu11;
				GCC_DYNAMIC_NO_PIC = NO;
				GCC_NO_COMMON_BLOCKS = YES;
				GCC_OPTIMIZATION_LEVEL = 0;
				GCC_PREPROCESSOR_DEFINITIONS = (
					"DEBUG=1",
					"$(inherited)",
				);
				GCC_WARN_64_TO_32_BIT_CONVERSION = YES;
				GCC_WARN_ABOUT_RETURN_TYPE = YES_ERROR;
				GCC_WARN_UNDECLARED_SELECTOR = YES;
				GCC_WARN_UNINITIALIZED_AUTOS = YES_AGGRESSIVE;
				GCC_WARN_UNUSED_FUNCTION = YES;
				GCC_WARN_UNUSED_VARIABLE = YES;
				MACOSX_DEPLOYMENT_TARGET = 13.0;
				MTL_ENABLE_DEBUG_INFO = INCLUDE_SOURCE;
				MTL_FAST_MATH = YES;
				ONLY_ACTIVE_ARCH = YES;
				SDKROOT = macosx;
				SWIFT_ACTIVE_COMPILATION_CONDITIONS = DEBUG;
				SWIFT_OPTIMIZATION_LEVEL = "-Onone";
			};
			name = Debug;
		};
		D031E31E2AAA0C10004B594C /* Release */ = {
			isa = XCBuildConfiguration;
			buildSettings = {
				ALWAYS_SEARCH_USER_PATHS = NO;
				CLANG_ANALYZER_NONNULL = YES;
				CLANG_ANALYZER_NUMBER_OBJECT_CONVERSION = YES_AGGRESSIVE;
				CLANG_CXX_LANGUAGE_STANDARD = "gnu++20";
				CLANG_ENABLE_MODULES = YES;
				CLANG_ENABLE_OBJC_ARC = YES;
				CLANG_ENABLE_OBJC_WEAK = YES;
				CLANG_WARN_BLOCK_CAPTURE_AUTORELEASING = YES;
				CLANG_WARN_BOOL_CONVERSION = YES;
				CLANG_WARN_COMMA = YES;
				CLANG_WARN_CONSTANT_CONVERSION = YES;
				CLANG_WARN_DEPRECATED_OBJC_IMPLEMENTATIONS = YES;
				CLANG_WARN_DIRECT_OBJC_ISA_USAGE = YES_ERROR;
				CLANG_WARN_DOCUMENTATION_COMMENTS = YES;
				CLANG_WARN_EMPTY_BODY = YES;
				CLANG_WARN_ENUM_CONVERSION = YES;
				CLANG_WARN_INFINITE_RECURSION = YES;
				CLANG_WARN_INT_CONVERSION = YES;
				CLANG_WARN_NON_LITERAL_NULL_CONVERSION = YES;
				CLANG_WARN_OBJC_IMPLICIT_RETAIN_SELF = YES;
				CLANG_WARN_OBJC_LITERAL_CONVERSION = YES;
				CLANG_WARN_OBJC_ROOT_CLASS = YES_ERROR;
				CLANG_WARN_QUOTED_INCLUDE_IN_FRAMEWORK_HEADER = YES;
				CLANG_WARN_RANGE_LOOP_ANALYSIS = YES;
				CLANG_WARN_STRICT_PROTOTYPES = YES;
				CLANG_WARN_SUSPICIOUS_MOVE = YES;
				CLANG_WARN_UNGUARDED_AVAILABILITY = YES_AGGRESSIVE;
				CLANG_WARN_UNREACHABLE_CODE = YES;
				CLANG_WARN__DUPLICATE_METHOD_MATCH = YES;
				COPY_PHASE_STRIP = NO;
				DEBUG_INFORMATION_FORMAT = "dwarf-with-dsym";
				ENABLE_NS_ASSERTIONS = NO;
				ENABLE_STRICT_OBJC_MSGSEND = YES;
				GCC_C_LANGUAGE_STANDARD = gnu11;
				GCC_NO_COMMON_BLOCKS = YES;
				GCC_WARN_64_TO_32_BIT_CONVERSION = YES;
				GCC_WARN_ABOUT_RETURN_TYPE = YES_ERROR;
				GCC_WARN_UNDECLARED_SELECTOR = YES;
				GCC_WARN_UNINITIALIZED_AUTOS = YES_AGGRESSIVE;
				GCC_WARN_UNUSED_FUNCTION = YES;
				GCC_WARN_UNUSED_VARIABLE = YES;
				MACOSX_DEPLOYMENT_TARGET = 13.0;
				MTL_ENABLE_DEBUG_INFO = NO;
				MTL_FAST_MATH = YES;
				SDKROOT = macosx;
				SWIFT_COMPILATION_MODE = wholemodule;
				SWIFT_OPTIMIZATION_LEVEL = "-O";
			};
			name = Release;
		};
		D031E3202AAA0C10004B594C /* Debug */ = {
			isa = XCBuildConfiguration;
			buildSettings = {
				CODE_SIGN_STYLE = Automatic;
				DEVELOPMENT_TEAM = BYWNWD358D;
				ENABLE_HARDENED_RUNTIME = YES;
				PRODUCT_NAME = "$(TARGET_NAME)";
				SWIFT_VERSION = 5.0;
			};
			name = Debug;
		};
		D031E3212AAA0C10004B594C /* Release */ = {
			isa = XCBuildConfiguration;
			buildSettings = {
				CODE_SIGN_STYLE = Automatic;
				DEVELOPMENT_TEAM = BYWNWD358D;
				ENABLE_HARDENED_RUNTIME = YES;
				PRODUCT_NAME = "$(TARGET_NAME)";
				SWIFT_VERSION = 5.0;
			};
			name = Release;
		};
/* End XCBuildConfiguration section */

/* Begin XCConfigurationList section */
		D031E3132AAA0C10004B594C /* Build configuration list for PBXProject "MySwiftKnowledge" */ = {
			isa = XCConfigurationList;
			buildConfigurations = (
				D031E31D2AAA0C10004B594C /* Debug */,
				D031E31E2AAA0C10004B594C /* Release */,
			);
			defaultConfigurationIsVisible = 0;
			defaultConfigurationName = Release;
		};
		D031E31F2AAA0C10004B594C /* Build configuration list for PBXNativeTarget "Ease level" */ = {
			isa = XCConfigurationList;
			buildConfigurations = (
				D031E3202AAA0C10004B594C /* Debug */,
				D031E3212AAA0C10004B594C /* Release */,
			);
			defaultConfigurationIsVisible = 0;
			defaultConfigurationName = Release;
		};
/* End XCConfigurationList section */
	};
	rootObject = D031E3102AAA0C10004B594C /* Project object */;
}
